// !$*UTF8*$!
{
	archiveVersion = 1;
	classes = {
	};
	objectVersion = 46;
	objects = {

/* Begin PBXBuildFile section */
		ED4CC5451D1C5E0600E30069 /* main.m in Sources */ = {isa = PBXBuildFile; fileRef = ED4CC5441D1C5E0600E30069 /* main.m */; };
		ED4CC5481D1C5E0600E30069 /* AppDelegate.m in Sources */ = {isa = PBXBuildFile; fileRef = ED4CC5471D1C5E0600E30069 /* AppDelegate.m */; };
		ED4CC54B1D1C5E0600E30069 /* ViewController.m in Sources */ = {isa = PBXBuildFile; fileRef = ED4CC54A1D1C5E0600E30069 /* ViewController.m */; };
		ED4CC54E1D1C5E0600E30069 /* Main.storyboard in Resources */ = {isa = PBXBuildFile; fileRef = ED4CC54C1D1C5E0600E30069 /* Main.storyboard */; };
		ED4CC5501D1C5E0600E30069 /* Assets.xcassets in Resources */ = {isa = PBXBuildFile; fileRef = ED4CC54F1D1C5E0600E30069 /* Assets.xcassets */; };
		ED4CC5531D1C5E0600E30069 /* LaunchScreen.storyboard in Resources */ = {isa = PBXBuildFile; fileRef = ED4CC5511D1C5E0600E30069 /* LaunchScreen.storyboard */; };
		ED4CC55C1D1C604600E30069 /* Item3Controller.m in Sources */ = {isa = PBXBuildFile; fileRef = ED4CC55B1D1C604600E30069 /* Item3Controller.m */; };
		ED4CC5621D1C64B700E30069 /* Item2Controller.m in Sources */ = {isa = PBXBuildFile; fileRef = ED4CC5611D1C64B700E30069 /* Item2Controller.m */; };
		ED5F60551D241D08002CFE39 /* Item1Controller.m in Sources */ = {isa = PBXBuildFile; fileRef = ED5F60531D241D08002CFE39 /* Item1Controller.m */; };
/* End PBXBuildFile section */

/* Begin PBXFileReference section */
		ED4CC5401D1C5E0600E30069 /* text1.app */ = {isa = PBXFileReference; explicitFileType = wrapper.application; includeInIndex = 0; path = text1.app; sourceTree = BUILT_PRODUCTS_DIR; };
		ED4CC5441D1C5E0600E30069 /* main.m */ = {isa = PBXFileReference; lastKnownFileType = sourcecode.c.objc; path = main.m; sourceTree = "<group>"; };
		ED4CC5461D1C5E0600E30069 /* AppDelegate.h */ = {isa = PBXFileReference; lastKnownFileType = sourcecode.c.h; path = AppDelegate.h; sourceTree = "<group>"; };
		ED4CC5471D1C5E0600E30069 /* AppDelegate.m */ = {isa = PBXFileReference; lastKnownFileType = sourcecode.c.objc; path = AppDelegate.m; sourceTree = "<group>"; };
		ED4CC5491D1C5E0600E30069 /* ViewController.h */ = {isa = PBXFileReference; lastKnownFileType = sourcecode.c.h; path = ViewController.h; sourceTree = "<group>"; };
		ED4CC54A1D1C5E0600E30069 /* ViewController.m */ = {isa = PBXFileReference; lastKnownFileType = sourcecode.c.objc; path = ViewController.m; sourceTree = "<group>"; };
		ED4CC54D1D1C5E0600E30069 /* Base */ = {isa = PBXFileReference; lastKnownFileType = file.storyboard; name = Base; path = Base.lproj/Main.storyboard; sourceTree = "<group>"; };
		ED4CC54F1D1C5E0600E30069 /* Assets.xcassets */ = {isa = PBXFileReference; lastKnownFileType = folder.assetcatalog; path = Assets.xcassets; sourceTree = "<group>"; };
		ED4CC5521D1C5E0600E30069 /* Base */ = {isa = PBXFileReference; lastKnownFileType = file.storyboard; name = Base; path = Base.lproj/LaunchScreen.storyboard; sourceTree = "<group>"; };
		ED4CC5541D1C5E0600E30069 /* Info.plist */ = {isa = PBXFileReference; lastKnownFileType = text.plist.xml; path = Info.plist; sourceTree = "<group>"; };
		ED4CC55A1D1C604600E30069 /* Item3Controller.h */ = {isa = PBXFileReference; fileEncoding = 4; lastKnownFileType = sourcecode.c.h; path = Item3Controller.h; sourceTree = "<group>"; };
		ED4CC55B1D1C604600E30069 /* Item3Controller.m */ = {isa = PBXFileReference; fileEncoding = 4; lastKnownFileType = sourcecode.c.objc; path = Item3Controller.m; sourceTree = "<group>"; };
		ED4CC55D1D1C649D00E30069 /* Item1Controller.h */ = {isa = PBXFileReference; fileEncoding = 4; lastKnownFileType = sourcecode.c.h; path = Item1Controller.h; sourceTree = "<group>"; };
		ED4CC5611D1C64B700E30069 /* Item2Controller.m */ = {isa = PBXFileReference; fileEncoding = 4; lastKnownFileType = sourcecode.c.objc; path = Item2Controller.m; sourceTree = "<group>"; };
		ED5F60531D241D08002CFE39 /* Item1Controller.m */ = {isa = PBXFileReference; fileEncoding = 4; lastKnownFileType = sourcecode.c.objc; path = Item1Controller.m; sourceTree = "<group>"; };
		ED5F60541D241D08002CFE39 /* Item2Controller.h */ = {isa = PBXFileReference; fileEncoding = 4; lastKnownFileType = sourcecode.c.h; path = Item2Controller.h; sourceTree = "<group>"; };
/* End PBXFileReference section */

/* Begin PBXFrameworksBuildPhase section */
		ED4CC53D1D1C5E0500E30069 /* Frameworks */ = {
			isa = PBXFrameworksBuildPhase;
			buildActionMask = 2147483647;
			files = (
			);
			runOnlyForDeploymentPostprocessing = 0;
		};
/* End PBXFrameworksBuildPhase section */

/* Begin PBXGroup section */
		ED4CC5371D1C5E0500E30069 = {
			isa = PBXGroup;
			children = (
				ED4CC5421D1C5E0600E30069 /* text1 */,
				ED4CC5411D1C5E0600E30069 /* Products */,
			);
			sourceTree = "<group>";
		};
		ED4CC5411D1C5E0600E30069 /* Products */ = {
			isa = PBXGroup;
			children = (
				ED4CC5401D1C5E0600E30069 /* text1.app */,
			);
			name = Products;
			sourceTree = "<group>";
		};
		ED4CC5421D1C5E0600E30069 /* text1 */ = {
			isa = PBXGroup;
			children = (
				ED4CC5461D1C5E0600E30069 /* AppDelegate.h */,
				ED4CC5471D1C5E0600E30069 /* AppDelegate.m */,
				ED4CC5491D1C5E0600E30069 /* ViewController.h */,
				ED4CC54A1D1C5E0600E30069 /* ViewController.m */,
				ED4CC55D1D1C649D00E30069 /* Item1Controller.h */,
				ED4CC5611D1C64B700E30069 /* Item2Controller.m */,
				ED4CC55A1D1C604600E30069 /* Item3Controller.h */,
				ED5F60531D241D08002CFE39 /* Item1Controller.m */,
				ED5F60541D241D08002CFE39 /* Item2Controller.h */,
				ED4CC55B1D1C604600E30069 /* Item3Controller.m */,
				ED4CC54C1D1C5E0600E30069 /* Main.storyboard */,
				ED4CC54F1D1C5E0600E30069 /* Assets.xcassets */,
				ED4CC5511D1C5E0600E30069 /* LaunchScreen.storyboard */,
				ED4CC5541D1C5E0600E30069 /* Info.plist */,
				ED4CC5431D1C5E0600E30069 /* Supporting Files */,
			);
			path = text1;
			sourceTree = "<group>";
		};
		ED4CC5431D1C5E0600E30069 /* Supporting Files */ = {
			isa = PBXGroup;
			children = (
				ED4CC5441D1C5E0600E30069 /* main.m */,
			);
			name = "Supporting Files";
			sourceTree = "<group>";
		};
/* End PBXGroup section */

/* Begin PBXNativeTarget section */
		ED4CC53F1D1C5E0500E30069 /* text1 */ = {
			isa = PBXNativeTarget;
			buildConfigurationList = ED4CC5571D1C5E0600E30069 /* Build configuration list for PBXNativeTarget "text1" */;
			buildPhases = (
				ED4CC53C1D1C5E0500E30069 /* Sources */,
				ED4CC53D1D1C5E0500E30069 /* Frameworks */,
				ED4CC53E1D1C5E0500E30069 /* Resources */,
			);
			buildRules = (
			);
			dependencies = (
			);
			name = text1;
			productName = text1;
			productReference = ED4CC5401D1C5E0600E30069 /* text1.app */;
			productType = "com.apple.product-type.application";
		};
/* End PBXNativeTarget section */

/* Begin PBXProject section */
		ED4CC5381D1C5E0500E30069 /* Project object */ = {
			isa = PBXProject;
			attributes = {
				LastUpgradeCheck = 0730;
				ORGANIZATIONNAME = Liqingquan;
				TargetAttributes = {
					ED4CC53F1D1C5E0500E30069 = {
						CreatedOnToolsVersion = 7.3.1;
						DevelopmentTeam = 653HALNERG;
					};
				};
			};
			buildConfigurationList = ED4CC53B1D1C5E0500E30069 /* Build configuration list for PBXProject "text1" */;
			compatibilityVersion = "Xcode 3.2";
			developmentRegion = English;
			hasScannedForEncodings = 0;
			knownRegions = (
				en,
				Base,
			);
			mainGroup = ED4CC5371D1C5E0500E30069;
			productRefGroup = ED4CC5411D1C5E0600E30069 /* Products */;
			projectDirPath = "";
			projectRoot = "";
			targets = (
				ED4CC53F1D1C5E0500E30069 /* text1 */,
			);
		};
/* End PBXProject section */

/* Begin PBXResourcesBuildPhase section */
		ED4CC53E1D1C5E0500E30069 /* Resources */ = {
			isa = PBXResourcesBuildPhase;
			buildActionMask = 2147483647;
			files = (
				ED4CC5531D1C5E0600E30069 /* LaunchScreen.storyboard in Resources */,
				ED4CC5501D1C5E0600E30069 /* Assets.xcassets in Resources */,
				ED4CC54E1D1C5E0600E30069 /* Main.storyboard in Resources */,
			);
			runOnlyForDeploymentPostprocessing = 0;
		};
/* End PBXResourcesBuildPhase section */

/* Begin PBXSourcesBuildPhase section */
		ED4CC53C1D1C5E0500E30069 /* Sources */ = {
			isa = PBXSourcesBuildPhase;
			buildActionMask = 2147483647;
			files = (
				ED4CC54B1D1C5E0600E30069 /* ViewController.m in Sources */,
				ED4CC5621D1C64B700E30069 /* Item2Controller.m in Sources */,
				ED4CC5481D1C5E0600E30069 /* AppDelegate.m in Sources */,
				ED4CC55C1D1C604600E30069 /* Item3Controller.m in Sources */,
				ED5F60551D241D08002CFE39 /* Item1Controller.m in Sources */,
				ED4CC5451D1C5E0600E30069 /* main.m in Sources */,
			);
			runOnlyForDeploymentPostprocessing = 0;
		};
/* End PBXSourcesBuildPhase section */

/* Begin PBXVariantGroup section */
		ED4CC54C1D1C5E0600E30069 /* Main.storyboard */ = {
			isa = PBXVariantGroup;
			children = (
				ED4CC54D1D1C5E0600E30069 /* Base */,
			);
			name = Main.storyboard;
			sourceTree = "<group>";
		};
		ED4CC5511D1C5E0600E30069 /* LaunchScreen.storyboard */ = {
			isa = PBXVariantGroup;
			children = (
				ED4CC5521D1C5E0600E30069 /* Base */,
			);
			name = LaunchScreen.storyboard;
			sourceTree = "<group>";
		};
/* End PBXVariantGroup section */

/* Begin XCBuildConfiguration section */
		ED4CC5551D1C5E0600E30069 /* Debug */ = {
			isa = XCBuildConfiguration;
			buildSettings = {
				ALWAYS_SEARCH_USER_PATHS = NO;
				CLANG_ANALYZER_NONNULL = YES;
				CLANG_CXX_LANGUAGE_STANDARD = "gnu++0x";
				CLANG_CXX_LIBRARY = "libc++";
				CLANG_ENABLE_MODULES = YES;
				CLANG_ENABLE_OBJC_ARC = YES;
				CLANG_WARN_BOOL_CONVERSION = YES;
				CLANG_WARN_CONSTANT_CONVERSION = YES;
				CLANG_WARN_DIRECT_OBJC_ISA_USAGE = YES_ERROR;
				CLANG_WARN_EMPTY_BODY = YES;
				CLANG_WARN_ENUM_CONVERSION = YES;
				CLANG_WARN_INT_CONVERSION = YES;
				CLANG_WARN_OBJC_ROOT_CLASS = YES_ERROR;
				CLANG_WARN_UNREACHABLE_CODE = YES;
				CLANG_WARN__DUPLICATE_METHOD_MATCH = YES;
				"CODE_SIGN_IDENTITY[sdk=iphoneos*]" = "iPhone Developer";
				COPY_PHASE_STRIP = NO;
				DEBUG_INFORMATION_FORMAT = dwarf;
				ENABLE_STRICT_OBJC_MSGSEND = YES;
				ENABLE_TESTABILITY = YES;
				GCC_C_LANGUAGE_STANDARD = gnu99;
				GCC_DYNAMIC_NO_PIC = NO;
				GCC_NO_COMMON_BLOCKS = YES;
				GCC_OPTIMIZATION_LEVEL = 0;
				GCC_PREPROCESSOR_DEFINITIONS = (
					"DEBUG=1",
					"$(inherited)",
				);
				GCC_WARN_64_TO_32_BIT_CONVERSION = YES;
				GCC_WARN_ABOUT_RETURN_TYPE = YES_ERROR;
				GCC_WARN_UNDECLARED_SELECTOR = YES;
				GCC_WARN_UNINITIALIZED_AUTOS = YES_AGGRESSIVE;
				GCC_WARN_UNUSED_FUNCTION = YES;
				GCC_WARN_UNUSED_VARIABLE = YES;
				IPHONEOS_DEPLOYMENT_TARGET = 9.3;
				MTL_ENABLE_DEBUG_INFO = YES;
				ONLY_ACTIVE_ARCH = YES;
				SDKROOT = iphoneos;
				TARGETED_DEVICE_FAMILY = "1,2";
			};
			name = Debug;
		};
		ED4CC5561D1C5E0600E30069 /* Release */ = {
			isa = XCBuildConfiguration;
			buildSettings = {
				ALWAYS_SEARCH_USER_PATHS = NO;
				CLANG_ANALYZER_NONNULL = YES;
				CLANG_CXX_LANGUAGE_STANDARD = "gnu++0x";
				CLANG_CXX_LIBRARY = "libc++";
				CLANG_ENABLE_MODULES = YES;
				CLANG_ENABLE_OBJC_ARC = YES;
				CLANG_WARN_BOOL_CONVERSION = YES;
				CLANG_WARN_CONSTANT_CONVERSION = YES;
				CLANG_WARN_DIRECT_OBJC_ISA_USAGE = YES_ERROR;
				CLANG_WARN_EMPTY_BODY = YES;
				CLANG_WARN_ENUM_CONVERSION = YES;
				CLANG_WARN_INT_CONVERSION = YES;
				CLANG_WARN_OBJC_ROOT_CLASS = YES_ERROR;
				CLANG_WARN_UNREACHABLE_CODE = YES;
				CLANG_WARN__DUPLICATE_METHOD_MATCH = YES;
				"CODE_SIGN_IDENTITY[sdk=iphoneos*]" = "iPhone Developer";
				COPY_PHASE_STRIP = NO;
				DEBUG_INFORMATION_FORMAT = "dwarf-with-dsym";
				ENABLE_NS_ASSERTIONS = NO;
				ENABLE_STRICT_OBJC_MSGSEND = YES;
				GCC_C_LANGUAGE_STANDARD = gnu99;
				GCC_NO_COMMON_BLOCKS = YES;
				GCC_WARN_64_TO_32_BIT_CONVERSION = YES;
				GCC_WARN_ABOUT_RETURN_TYPE = YES_ERROR;
				GCC_WARN_UNDECLARED_SELECTOR = YES;
				GCC_WARN_UNINITIALIZED_AUTOS = YES_AGGRESSIVE;
				GCC_WARN_UNUSED_FUNCTION = YES;
				GCC_WARN_UNUSED_VARIABLE = YES;
				IPHONEOS_DEPLOYMENT_TARGET = 9.3;
				MTL_ENABLE_DEBUG_INFO = NO;
				SDKROOT = iphoneos;
				TARGETED_DEVICE_FAMILY = "1,2";
				VALIDATE_PRODUCT = YES;
			};
			name = Release;
		};
		ED4CC5581D1C5E0600E30069 /* Debug */ = {
			isa = XCBuildConfiguration;
			buildSettings = {
				ASSETCATALOG_COMPILER_APPICON_NAME = AppIcon;
				INFOPLIST_FILE = text1/Info.plist;
				LD_RUNPATH_SEARCH_PATHS = "$(inherited) @executable_path/Frameworks";
				PRODUCT_BUNDLE_IDENTIFIER = com.lqq.text1;
				PRODUCT_NAME = "$(TARGET_NAME)";
			};
			name = Debug;
		};
		ED4CC5591D1C5E0600E30069 /* Release */ = {
			isa = XCBuildConfiguration;
			buildSettings = {
				ASSETCATALOG_COMPILER_APPICON_NAME = AppIcon;
				INFOPLIST_FILE = text1/Info.plist;
				LD_RUNPATH_SEARCH_PATHS = "$(inherited) @executable_path/Frameworks";
				PRODUCT_BUNDLE_IDENTIFIER = com.lqq.text1;
				PRODUCT_NAME = "$(TARGET_NAME)";
			};
			name = Release;
		};
/* End XCBuildConfiguration section */

/* Begin XCConfigurationList section */
		ED4CC53B1D1C5E0500E30069 /* Build configuration list for PBXProject "text1" */ = {
			isa = XCConfigurationList;
			buildConfigurations = (
				ED4CC5551D1C5E0600E30069 /* Debug */,
				ED4CC5561D1C5E0600E30069 /* Release */,
			);
			defaultConfigurationIsVisible = 0;
			defaultConfigurationName = Release;
		};
		ED4CC5571D1C5E0600E30069 /* Build configuration list for PBXNativeTarget "text1" */ = {
			isa = XCConfigurationList;
			buildConfigurations = (
				ED4CC5581D1C5E0600E30069 /* Debug */,
				ED4CC5591D1C5E0600E30069 /* Release */,
			);
			defaultConfigurationIsVisible = 0;
			defaultConfigurationName = Release;
		};
/* End XCConfigurationList section */
	};
	rootObject = ED4CC5381D1C5E0500E30069 /* Project object */;
}
